
Microsoft Visual Studio Solution File, Format Version 12.00
# Visual Studio Version 16
VisualStudioVersion = 16.0.30804.86
MinimumVisualStudioVersion = 10.0.40219.1
Project("{FAE04EC0-301F-11D3-BF4B-00C04F79EFBC}") = "Bank", "Bank\Bank.csproj", "{C193A902-1079-47CD-9862-EA782DA11E26}"
EndProject
Global
	GlobalSection(SolutionConfigurationPlatforms) = preSolution
		Debug|Any CPU = Debug|Any CPU
		Release|Any CPU = Release|Any CPU
	EndGlobalSection
	GlobalSection(ProjectConfigurationPlatforms) = postSolution
		{C193A902-1079-47CD-9862-EA782DA11E26}.Debug|Any CPU.ActiveCfg = Debug|Any CPU
		{C193A902-1079-47CD-9862-EA782DA11E26}.Debug|Any CPU.Build.0 = Debug|Any CPU
		{C193A902-1079-47CD-9862-EA782DA11E26}.Release|Any CPU.ActiveCfg = Release|Any CPU
		{C193A902-1079-47CD-9862-EA782DA11E26}.Release|Any CPU.Build.0 = Release|Any CPU
	EndGlobalSection
	GlobalSection(SolutionProperties) = preSolution
		HideSolutionNode = FALSE
	EndGlobalSection
	GlobalSection(ExtensibilityGlobals) = postSolution
		SolutionGuid = {5EC3794E-CEDD-4740-BA1C-39C6FC9EC227}
	EndGlobalSection
EndGlobal
